// !$*UTF8*$!
{
	archiveVersion = 1;
	classes = {
	};
	objectVersion = 46;
	objects = {

/* Begin PBXBuildFile section */
		BF9B92E51D7EE63C00557D86 /* AppDelegate.swift in Sources */ = {isa = PBXBuildFile; fileRef = BF9B92E41D7EE63C00557D86 /* AppDelegate.swift */; };
		BF9B92E71D7EE63C00557D86 /* ViewController.swift in Sources */ = {isa = PBXBuildFile; fileRef = BF9B92E61D7EE63C00557D86 /* ViewController.swift */; };
		BF9B92EA1D7EE63C00557D86 /* Main.storyboard in Resources */ = {isa = PBXBuildFile; fileRef = BF9B92E81D7EE63C00557D86 /* Main.storyboard */; };
		BF9B92EC1D7EE63C00557D86 /* Assets.xcassets in Resources */ = {isa = PBXBuildFile; fileRef = BF9B92EB1D7EE63C00557D86 /* Assets.xcassets */; };
		BF9B92EF1D7EE63C00557D86 /* LaunchScreen.storyboard in Resources */ = {isa = PBXBuildFile; fileRef = BF9B92ED1D7EE63C00557D86 /* LaunchScreen.storyboard */; };
/* End PBXBuildFile section */

/* Begin PBXFileReference section */
		BF9B92E11D7EE63C00557D86 /* swift app 2.app */ = {isa = PBXFileReference; explicitFileType = wrapper.application; includeInIndex = 0; path = "swift app 2.app"; sourceTree = BUILT_PRODUCTS_DIR; };
		BF9B92E41D7EE63C00557D86 /* AppDelegate.swift */ = {isa = PBXFileReference; lastKnownFileType = sourcecode.swift; path = AppDelegate.swift; sourceTree = "<group>"; };
		BF9B92E61D7EE63C00557D86 /* ViewController.swift */ = {isa = PBXFileReference; lastKnownFileType = sourcecode.swift; path = ViewController.swift; sourceTree = "<group>"; };
		BF9B92E91D7EE63C00557D86 /* Base */ = {isa = PBXFileReference; lastKnownFileType = file.storyboard; name = Base; path = Base.lproj/Main.storyboard; sourceTree = "<group>"; };
		BF9B92EB1D7EE63C00557D86 /* Assets.xcassets */ = {isa = PBXFileReference; lastKnownFileType = folder.assetcatalog; path = Assets.xcassets; sourceTree = "<group>"; };
		BF9B92EE1D7EE63C00557D86 /* Base */ = {isa = PBXFileReference; lastKnownFileType = file.storyboard; name = Base; path = Base.lproj/LaunchScreen.storyboard; sourceTree = "<group>"; };
		BF9B92F01D7EE63C00557D86 /* Info.plist */ = {isa = PBXFileReference; lastKnownFileType = text.plist.xml; path = Info.plist; sourceTree = "<group>"; };
/* End PBXFileReference section */

/* Begin PBXFrameworksBuildPhase section */
		BF9B92DE1D7EE63C00557D86 /* Frameworks */ = {
			isa = PBXFrameworksBuildPhase;
			buildActionMask = 2147483647;
			files = (
			);
			runOnlyForDeploymentPostprocessing = 0;
		};
/* End PBXFrameworksBuildPhase section */

/* Begin PBXGroup section */
		BF9B92D81D7EE63C00557D86 = {
			isa = PBXGroup;
			children = (
				BF9B92E31D7EE63C00557D86 /* swift app 2 */,
				BF9B92E21D7EE63C00557D86 /* Products */,
			);
			sourceTree = "<group>";
		};
		BF9B92E21D7EE63C00557D86 /* Products */ = {
			isa = PBXGroup;
			children = (
				BF9B92E11D7EE63C00557D86 /* swift app 2.app */,
			);
			name = Products;
			sourceTree = "<group>";
		};
		BF9B92E31D7EE63C00557D86 /* swift app 2 */ = {
			isa = PBXGroup;
			children = (
				BF9B92E41D7EE63C00557D86 /* AppDelegate.swift */,
				BF9B92E61D7EE63C00557D86 /* ViewController.swift */,
				BF9B92E81D7EE63C00557D86 /* Main.storyboard */,
				BF9B92EB1D7EE63C00557D86 /* Assets.xcassets */,
				BF9B92ED1D7EE63C00557D86 /* LaunchScreen.storyboard */,
				BF9B92F01D7EE63C00557D86 /* Info.plist */,
			);
			path = "swift app 2";
			sourceTree = "<group>";
		};
/* End PBXGroup section */

/* Begin PBXNativeTarget section */
		BF9B92E01D7EE63C00557D86 /* swift app 2 */ = {
			isa = PBXNativeTarget;
			buildConfigurationList = BF9B92F31D7EE63C00557D86 /* Build configuration list for PBXNativeTarget "swift app 2" */;
			buildPhases = (
				BF9B92DD1D7EE63C00557D86 /* Sources */,
				BF9B92DE1D7EE63C00557D86 /* Frameworks */,
				BF9B92DF1D7EE63C00557D86 /* Resources */,
			);
			buildRules = (
			);
			dependencies = (
			);
			name = "swift app 2";
			productName = "swift app 2";
			productReference = BF9B92E11D7EE63C00557D86 /* swift app 2.app */;
			productType = "com.apple.product-type.application";
		};
/* End PBXNativeTarget section */

/* Begin PBXProject section */
		BF9B92D91D7EE63C00557D86 /* Project object */ = {
			isa = PBXProject;
			attributes = {
				LastSwiftUpdateCheck = 0800;
				LastUpgradeCheck = 0800;
				ORGANIZATIONNAME = BHSRam5;
				TargetAttributes = {
					BF9B92E01D7EE63C00557D86 = {
						CreatedOnToolsVersion = 8.0;
						ProvisioningStyle = Automatic;
					};
				};
			};
			buildConfigurationList = BF9B92DC1D7EE63C00557D86 /* Build configuration list for PBXProject "swift app 2" */;
			compatibilityVersion = "Xcode 3.2";
			developmentRegion = English;
			hasScannedForEncodings = 0;
			knownRegions = (
				en,
				Base,
			);
			mainGroup = BF9B92D81D7EE63C00557D86;
			productRefGroup = BF9B92E21D7EE63C00557D86 /* Products */;
			projectDirPath = "";
			projectRoot = "";
			targets = (
				BF9B92E01D7EE63C00557D86 /* swift app 2 */,
			);
		};
/* End PBXProject section */

/* Begin PBXResourcesBuildPhase section */
		BF9B92DF1D7EE63C00557D86 /* Resources */ = {
			isa = PBXResourcesBuildPhase;
			buildActionMask = 2147483647;
			files = (
				BF9B92EF1D7EE63C00557D86 /* LaunchScreen.storyboard in Resources */,
				BF9B92EC1D7EE63C00557D86 /* Assets.xcassets in Resources */,
				BF9B92EA1D7EE63C00557D86 /* Main.storyboard in Resources */,
			);
			runOnlyForDeploymentPostprocessing = 0;
		};
/* End PBXResourcesBuildPhase section */

/* Begin PBXSourcesBuildPhase section */
		BF9B92DD1D7EE63C00557D86 /* Sources */ = {
			isa = PBXSourcesBuildPhase;
			buildActionMask = 2147483647;
			files = (
				BF9B92E71D7EE63C00557D86 /* ViewController.swift in Sources */,
				BF9B92E51D7EE63C00557D86 /* AppDelegate.swift in Sources */,
			);
			runOnlyForDeploymentPostprocessing = 0;
		};
/* End PBXSourcesBuildPhase section */

/* Begin PBXVariantGroup section */
		BF9B92E81D7EE63C00557D86 /* Main.storyboard */ = {
			isa = PBXVariantGroup;
			children = (
				BF9B92E91D7EE63C00557D86 /* Base */,
			);
			name = Main.storyboard;
			sourceTree = "<group>";
		};
		BF9B92ED1D7EE63C00557D86 /* LaunchScreen.storyboard */ = {
			isa = PBXVariantGroup;
			children = (
				BF9B92EE1D7EE63C00557D86 /* Base */,
			);
			name = LaunchScreen.storyboard;
			sourceTree = "<group>";
		};
/* End PBXVariantGroup section */

/* Begin XCBuildConfiguration section */
		BF9B92F11D7EE63C00557D86 /* Debug */ = {
			isa = XCBuildConfiguration;
			buildSettings = {
				ALWAYS_SEARCH_USER_PATHS = NO;
				CLANG_ANALYZER_NONNULL = YES;
				CLANG_CXX_LANGUAGE_STANDARD = "gnu++0x";
				CLANG_CXX_LIBRARY = "libc++";
				CLANG_ENABLE_MODULES = YES;
				CLANG_ENABLE_OBJC_ARC = YES;
				CLANG_WARN_BOOL_CONVERSION = YES;
				CLANG_WARN_CONSTANT_CONVERSION = YES;
				CLANG_WARN_DIRECT_OBJC_ISA_USAGE = YES_ERROR;
				CLANG_WARN_DOCUMENTATION_COMMENTS = YES;
				CLANG_WARN_EMPTY_BODY = YES;
				CLANG_WARN_ENUM_CONVERSION = YES;
				CLANG_WARN_INFINITE_RECURSION = YES;
				CLANG_WARN_INT_CONVERSION = YES;
				CLANG_WARN_OBJC_ROOT_CLASS = YES_ERROR;
				CLANG_WARN_SUSPICIOUS_MOVES = YES;
				CLANG_WARN_UNREACHABLE_CODE = YES;
				CLANG_WARN__DUPLICATE_METHOD_MATCH = YES;
				"CODE_SIGN_IDENTITY[sdk=iphoneos*]" = "iPhone Developer";
				COPY_PHASE_STRIP = NO;
				DEBUG_INFORMATION_FORMAT = dwarf;
				ENABLE_STRICT_OBJC_MSGSEND = YES;
				ENABLE_TESTABILITY = YES;
				GCC_C_LANGUAGE_STANDARD = gnu99;
				GCC_DYNAMIC_NO_PIC = NO;
				GCC_NO_COMMON_BLOCKS = YES;
				GCC_OPTIMIZATION_LEVEL = 0;
				GCC_PREPROCESSOR_DEFINITIONS = (
					"DEBUG=1",
					"$(inherited)",
				);
				GCC_WARN_64_TO_32_BIT_CONVERSION = YES;
				GCC_WARN_ABOUT_RETURN_TYPE = YES_ERROR;
				GCC_WARN_UNDECLARED_SELECTOR = YES;
				GCC_WARN_UNINITIALIZED_AUTOS = YES_AGGRESSIVE;
				GCC_WARN_UNUSED_FUNCTION = YES;
				GCC_WARN_UNUSED_VARIABLE = YES;
				IPHONEOS_DEPLOYMENT_TARGET = 10.0;
				MTL_ENABLE_DEBUG_INFO = YES;
				ONLY_ACTIVE_ARCH = YES;
				SDKROOT = iphoneos;
				SWIFT_ACTIVE_COMPILATION_CONDITIONS = DEBUG;
				SWIFT_OPTIMIZATION_LEVEL = "-Onone";
				TARGETED_DEVICE_FAMILY = "1,2";
			};
			name = Debug;
		};
		BF9B92F21D7EE63C00557D86 /* Release */ = {
			isa = XCBuildConfiguration;
			buildSettings = {
				ALWAYS_SEARCH_USER_PATHS = NO;
				CLANG_ANALYZER_NONNULL = YES;
				CLANG_CXX_LANGUAGE_STANDARD = "gnu++0x";
				CLANG_CXX_LIBRARY = "libc++";
				CLANG_ENABLE_MODULES = YES;
				CLANG_ENABLE_OBJC_ARC = YES;
				CLANG_WARN_BOOL_CONVERSION = YES;
				CLANG_WARN_CONSTANT_CONVERSION = YES;
				CLANG_WARN_DIRECT_OBJC_ISA_USAGE = YES_ERROR;
				CLANG_WARN_DOCUMENTATION_COMMENTS = YES;
				CLANG_WARN_EMPTY_BODY = YES;
				CLANG_WARN_ENUM_CONVERSION = YES;
				CLANG_WARN_INFINITE_RECURSION = YES;
				CLANG_WARN_INT_CONVERSION = YES;
				CLANG_WARN_OBJC_ROOT_CLASS = YES_ERROR;
				CLANG_WARN_SUSPICIOUS_MOVES = YES;
				CLANG_WARN_UNREACHABLE_CODE = YES;
				CLANG_WARN__DUPLICATE_METHOD_MATCH = YES;
				"CODE_SIGN_IDENTITY[sdk=iphoneos*]" = "iPhone Developer";
				COPY_PHASE_STRIP = NO;
				DEBUG_INFORMATION_FORMAT = "dwarf-with-dsym";
				ENABLE_NS_ASSERTIONS = NO;
				ENABLE_STRICT_OBJC_MSGSEND = YES;
				GCC_C_LANGUAGE_STANDARD = gnu99;
				GCC_NO_COMMON_BLOCKS = YES;
				GCC_WARN_64_TO_32_BIT_CONVERSION = YES;
				GCC_WARN_ABOUT_RETURN_TYPE = YES_ERROR;
				GCC_WARN_UNDECLARED_SELECTOR = YES;
				GCC_WARN_UNINITIALIZED_AUTOS = YES_AGGRESSIVE;
				GCC_WARN_UNUSED_FUNCTION = YES;
				GCC_WARN_UNUSED_VARIABLE = YES;
				IPHONEOS_DEPLOYMENT_TARGET = 10.0;
				MTL_ENABLE_DEBUG_INFO = NO;
				SDKROOT = iphoneos;
				SWIFT_OPTIMIZATION_LEVEL = "-Owholemodule";
				TARGETED_DEVICE_FAMILY = "1,2";
				VALIDATE_PRODUCT = YES;
			};
			name = Release;
		};
		BF9B92F41D7EE63C00557D86 /* Debug */ = {
			isa = XCBuildConfiguration;
			buildSettings = {
				ASSETCATALOG_COMPILER_APPICON_NAME = AppIcon;
				INFOPLIST_FILE = "swift app 2/Info.plist";
				LD_RUNPATH_SEARCH_PATHS = "$(inherited) @executable_path/Frameworks";
				PRODUCT_BUNDLE_IDENTIFIER = "badin.swift-app-2";
				PRODUCT_NAME = "$(TARGET_NAME)";
				SWIFT_VERSION = 3.0;
			};
			name = Debug;
		};
		BF9B92F51D7EE63C00557D86 /* Release */ = {
			isa = XCBuildConfiguration;
			buildSettings = {
				ASSETCATALOG_COMPILER_APPICON_NAME = AppIcon;
				INFOPLIST_FILE = "swift app 2/Info.plist";
				LD_RUNPATH_SEARCH_PATHS = "$(inherited) @executable_path/Frameworks";
				PRODUCT_BUNDLE_IDENTIFIER = "badin.swift-app-2";
				PRODUCT_NAME = "$(TARGET_NAME)";
				SWIFT_VERSION = 3.0;
			};
			name = Release;
		};
/* End XCBuildConfiguration section */

/* Begin XCConfigurationList section */
		BF9B92DC1D7EE63C00557D86 /* Build configuration list for PBXProject "swift app 2" */ = {
			isa = XCConfigurationList;
			buildConfigurations = (
				BF9B92F11D7EE63C00557D86 /* Debug */,
				BF9B92F21D7EE63C00557D86 /* Release */,
			);
			defaultConfigurationIsVisible = 0;
			defaultConfigurationName = Release;
		};
		BF9B92F31D7EE63C00557D86 /* Build configuration list for PBXNativeTarget "swift app 2" */ = {
			isa = XCConfigurationList;
			buildConfigurations = (
				BF9B92F41D7EE63C00557D86 /* Debug */,
				BF9B92F51D7EE63C00557D86 /* Release */,
			);
			defaultConfigurationIsVisible = 0;
		};
/* End XCConfigurationList section */
	};
	rootObject = BF9B92D91D7EE63C00557D86 /* Project object */;
}
